// !$*UTF8*$!
{
	archiveVersion = 1;
	classes = {
	};
	objectVersion = 50;
	objects = {

/* Begin PBXBuildFile section */
		A9A5D3612316FAF400050334 /* AppDelegate.swift in Sources */ = {isa = PBXBuildFile; fileRef = A9A5D3602316FAF400050334 /* AppDelegate.swift */; };
		A9A5D3632316FAF400050334 /* ViewController.swift in Sources */ = {isa = PBXBuildFile; fileRef = A9A5D3622316FAF400050334 /* ViewController.swift */; };
		A9A5D3662316FAF400050334 /* Main.storyboard in Resources */ = {isa = PBXBuildFile; fileRef = A9A5D3642316FAF400050334 /* Main.storyboard */; };
		A9A5D3682316FAF600050334 /* Assets.xcassets in Resources */ = {isa = PBXBuildFile; fileRef = A9A5D3672316FAF600050334 /* Assets.xcassets */; };
		A9A5D36B2316FAF600050334 /* LaunchScreen.storyboard in Resources */ = {isa = PBXBuildFile; fileRef = A9A5D3692316FAF600050334 /* LaunchScreen.storyboard */; };
		A9A5D3762316FAF600050334 /* GitTestTests.swift in Sources */ = {isa = PBXBuildFile; fileRef = A9A5D3752316FAF600050334 /* GitTestTests.swift */; };
		A9A5D3812316FAF600050334 /* GitTestUITests.swift in Sources */ = {isa = PBXBuildFile; fileRef = A9A5D3802316FAF600050334 /* GitTestUITests.swift */; };
/* End PBXBuildFile section */

/* Begin PBXContainerItemProxy section */
		A9A5D3722316FAF600050334 /* PBXContainerItemProxy */ = {
			isa = PBXContainerItemProxy;
			containerPortal = A9A5D3552316FAF300050334 /* Project object */;
			proxyType = 1;
			remoteGlobalIDString = A9A5D35C2316FAF300050334;
			remoteInfo = GitTest;
		};
		A9A5D37D2316FAF600050334 /* PBXContainerItemProxy */ = {
			isa = PBXContainerItemProxy;
			containerPortal = A9A5D3552316FAF300050334 /* Project object */;
			proxyType = 1;
			remoteGlobalIDString = A9A5D35C2316FAF300050334;
			remoteInfo = GitTest;
		};
/* End PBXContainerItemProxy section */

/* Begin PBXFileReference section */
		A9A5D35D2316FAF400050334 /* GitTest.app */ = {isa = PBXFileReference; explicitFileType = wrapper.application; includeInIndex = 0; path = GitTest.app; sourceTree = BUILT_PRODUCTS_DIR; };
		A9A5D3602316FAF400050334 /* AppDelegate.swift */ = {isa = PBXFileReference; lastKnownFileType = sourcecode.swift; path = AppDelegate.swift; sourceTree = "<group>"; };
		A9A5D3622316FAF400050334 /* ViewController.swift */ = {isa = PBXFileReference; lastKnownFileType = sourcecode.swift; path = ViewController.swift; sourceTree = "<group>"; };
		A9A5D3652316FAF400050334 /* Base */ = {isa = PBXFileReference; lastKnownFileType = file.storyboard; name = Base; path = Base.lproj/Main.storyboard; sourceTree = "<group>"; };
		A9A5D3672316FAF600050334 /* Assets.xcassets */ = {isa = PBXFileReference; lastKnownFileType = folder.assetcatalog; path = Assets.xcassets; sourceTree = "<group>"; };
		A9A5D36A2316FAF600050334 /* Base */ = {isa = PBXFileReference; lastKnownFileType = file.storyboard; name = Base; path = Base.lproj/LaunchScreen.storyboard; sourceTree = "<group>"; };
		A9A5D36C2316FAF600050334 /* Info.plist */ = {isa = PBXFileReference; lastKnownFileType = text.plist.xml; path = Info.plist; sourceTree = "<group>"; };
		A9A5D3712316FAF600050334 /* GitTestTests.xctest */ = {isa = PBXFileReference; explicitFileType = wrapper.cfbundle; includeInIndex = 0; path = GitTestTests.xctest; sourceTree = BUILT_PRODUCTS_DIR; };
		A9A5D3752316FAF600050334 /* GitTestTests.swift */ = {isa = PBXFileReference; lastKnownFileType = sourcecode.swift; path = GitTestTests.swift; sourceTree = "<group>"; };
		A9A5D3772316FAF600050334 /* Info.plist */ = {isa = PBXFileReference; lastKnownFileType = text.plist.xml; path = Info.plist; sourceTree = "<group>"; };
		A9A5D37C2316FAF600050334 /* GitTestUITests.xctest */ = {isa = PBXFileReference; explicitFileType = wrapper.cfbundle; includeInIndex = 0; path = GitTestUITests.xctest; sourceTree = BUILT_PRODUCTS_DIR; };
		A9A5D3802316FAF600050334 /* GitTestUITests.swift */ = {isa = PBXFileReference; lastKnownFileType = sourcecode.swift; path = GitTestUITests.swift; sourceTree = "<group>"; };
		A9A5D3822316FAF600050334 /* Info.plist */ = {isa = PBXFileReference; lastKnownFileType = text.plist.xml; path = Info.plist; sourceTree = "<group>"; };
/* End PBXFileReference section */

/* Begin PBXFrameworksBuildPhase section */
		A9A5D35A2316FAF300050334 /* Frameworks */ = {
			isa = PBXFrameworksBuildPhase;
			buildActionMask = 2147483647;
			files = (
			);
			runOnlyForDeploymentPostprocessing = 0;
		};
		A9A5D36E2316FAF600050334 /* Frameworks */ = {
			isa = PBXFrameworksBuildPhase;
			buildActionMask = 2147483647;
			files = (
			);
			runOnlyForDeploymentPostprocessing = 0;
		};
		A9A5D3792316FAF600050334 /* Frameworks */ = {
			isa = PBXFrameworksBuildPhase;
			buildActionMask = 2147483647;
			files = (
			);
			runOnlyForDeploymentPostprocessing = 0;
		};
/* End PBXFrameworksBuildPhase section */

/* Begin PBXGroup section */
		A9A5D3542316FAF300050334 = {
			isa = PBXGroup;
			children = (
				A9A5D35F2316FAF400050334 /* GitTest */,
				A9A5D3742316FAF600050334 /* GitTestTests */,
				A9A5D37F2316FAF600050334 /* GitTestUITests */,
				A9A5D35E2316FAF400050334 /* Products */,
			);
			sourceTree = "<group>";
		};
		A9A5D35E2316FAF400050334 /* Products */ = {
			isa = PBXGroup;
			children = (
				A9A5D35D2316FAF400050334 /* GitTest.app */,
				A9A5D3712316FAF600050334 /* GitTestTests.xctest */,
				A9A5D37C2316FAF600050334 /* GitTestUITests.xctest */,
			);
			name = Products;
			sourceTree = "<group>";
		};
		A9A5D35F2316FAF400050334 /* GitTest */ = {
			isa = PBXGroup;
			children = (
				A9A5D3602316FAF400050334 /* AppDelegate.swift */,
				A9A5D3622316FAF400050334 /* ViewController.swift */,
				A9A5D3642316FAF400050334 /* Main.storyboard */,
				A9A5D3672316FAF600050334 /* Assets.xcassets */,
				A9A5D3692316FAF600050334 /* LaunchScreen.storyboard */,
				A9A5D36C2316FAF600050334 /* Info.plist */,
			);
			path = GitTest;
			sourceTree = "<group>";
		};
		A9A5D3742316FAF600050334 /* GitTestTests */ = {
			isa = PBXGroup;
			children = (
				A9A5D3752316FAF600050334 /* GitTestTests.swift */,
				A9A5D3772316FAF600050334 /* Info.plist */,
			);
			path = GitTestTests;
			sourceTree = "<group>";
		};
		A9A5D37F2316FAF600050334 /* GitTestUITests */ = {
			isa = PBXGroup;
			children = (
				A9A5D3802316FAF600050334 /* GitTestUITests.swift */,
				A9A5D3822316FAF600050334 /* Info.plist */,
			);
			path = GitTestUITests;
			sourceTree = "<group>";
		};
/* End PBXGroup section */

/* Begin PBXNativeTarget section */
		A9A5D35C2316FAF300050334 /* GitTest */ = {
			isa = PBXNativeTarget;
			buildConfigurationList = A9A5D3852316FAF600050334 /* Build configuration list for PBXNativeTarget "GitTest" */;
			buildPhases = (
				A9A5D3592316FAF300050334 /* Sources */,
				A9A5D35A2316FAF300050334 /* Frameworks */,
				A9A5D35B2316FAF300050334 /* Resources */,
			);
			buildRules = (
			);
			dependencies = (
			);
			name = GitTest;
			productName = GitTest;
			productReference = A9A5D35D2316FAF400050334 /* GitTest.app */;
			productType = "com.apple.product-type.application";
		};
		A9A5D3702316FAF600050334 /* GitTestTests */ = {
			isa = PBXNativeTarget;
			buildConfigurationList = A9A5D3882316FAF600050334 /* Build configuration list for PBXNativeTarget "GitTestTests" */;
			buildPhases = (
				A9A5D36D2316FAF600050334 /* Sources */,
				A9A5D36E2316FAF600050334 /* Frameworks */,
				A9A5D36F2316FAF600050334 /* Resources */,
			);
			buildRules = (
			);
			dependencies = (
				A9A5D3732316FAF600050334 /* PBXTargetDependency */,
			);
			name = GitTestTests;
			productName = GitTestTests;
			productReference = A9A5D3712316FAF600050334 /* GitTestTests.xctest */;
			productType = "com.apple.product-type.bundle.unit-test";
		};
		A9A5D37B2316FAF600050334 /* GitTestUITests */ = {
			isa = PBXNativeTarget;
			buildConfigurationList = A9A5D38B2316FAF600050334 /* Build configuration list for PBXNativeTarget "GitTestUITests" */;
			buildPhases = (
				A9A5D3782316FAF600050334 /* Sources */,
				A9A5D3792316FAF600050334 /* Frameworks */,
				A9A5D37A2316FAF600050334 /* Resources */,
			);
			buildRules = (
			);
			dependencies = (
				A9A5D37E2316FAF600050334 /* PBXTargetDependency */,
			);
			name = GitTestUITests;
			productName = GitTestUITests;
			productReference = A9A5D37C2316FAF600050334 /* GitTestUITests.xctest */;
			productType = "com.apple.product-type.bundle.ui-testing";
		};
/* End PBXNativeTarget section */

/* Begin PBXProject section */
		A9A5D3552316FAF300050334 /* Project object */ = {
			isa = PBXProject;
			attributes = {
				LastSwiftUpdateCheck = 1010;
				LastUpgradeCheck = 1010;
				ORGANIZATIONNAME = "Bulldog Enterprises Inc";
				TargetAttributes = {
					A9A5D35C2316FAF300050334 = {
						CreatedOnToolsVersion = 10.1;
					};
					A9A5D3702316FAF600050334 = {
						CreatedOnToolsVersion = 10.1;
						TestTargetID = A9A5D35C2316FAF300050334;
					};
					A9A5D37B2316FAF600050334 = {
						CreatedOnToolsVersion = 10.1;
						TestTargetID = A9A5D35C2316FAF300050334;
					};
				};
			};
			buildConfigurationList = A9A5D3582316FAF300050334 /* Build configuration list for PBXProject "GitTest" */;
			compatibilityVersion = "Xcode 9.3";
			developmentRegion = en;
			hasScannedForEncodings = 0;
			knownRegions = (
				en,
				Base,
			);
			mainGroup = A9A5D3542316FAF300050334;
			productRefGroup = A9A5D35E2316FAF400050334 /* Products */;
			projectDirPath = "";
			projectRoot = "";
			targets = (
				A9A5D35C2316FAF300050334 /* GitTest */,
				A9A5D3702316FAF600050334 /* GitTestTests */,
				A9A5D37B2316FAF600050334 /* GitTestUITests */,
			);
		};
/* End PBXProject section */

/* Begin PBXResourcesBuildPhase section */
		A9A5D35B2316FAF300050334 /* Resources */ = {
			isa = PBXResourcesBuildPhase;
			buildActionMask = 2147483647;
			files = (
				A9A5D36B2316FAF600050334 /* LaunchScreen.storyboard in Resources */,
				A9A5D3682316FAF600050334 /* Assets.xcassets in Resources */,
				A9A5D3662316FAF400050334 /* Main.storyboard in Resources */,
			);
			runOnlyForDeploymentPostprocessing = 0;
		};
		A9A5D36F2316FAF600050334 /* Resources */ = {
			isa = PBXResourcesBuildPhase;
			buildActionMask = 2147483647;
			files = (
			);
			runOnlyForDeploymentPostprocessing = 0;
		};
		A9A5D37A2316FAF600050334 /* Resources */ = {
			isa = PBXResourcesBuildPhase;
			buildActionMask = 2147483647;
			files = (
			);
			runOnlyForDeploymentPostprocessing = 0;
		};
/* End PBXResourcesBuildPhase section */

/* Begin PBXSourcesBuildPhase section */
		A9A5D3592316FAF300050334 /* Sources */ = {
			isa = PBXSourcesBuildPhase;
			buildActionMask = 2147483647;
			files = (
				A9A5D3632316FAF400050334 /* ViewController.swift in Sources */,
				A9A5D3612316FAF400050334 /* AppDelegate.swift in Sources */,
			);
			runOnlyForDeploymentPostprocessing = 0;
		};
		A9A5D36D2316FAF600050334 /* Sources */ = {
			isa = PBXSourcesBuildPhase;
			buildActionMask = 2147483647;
			files = (
				A9A5D3762316FAF600050334 /* GitTestTests.swift in Sources */,
			);
			runOnlyForDeploymentPostprocessing = 0;
		};
		A9A5D3782316FAF600050334 /* Sources */ = {
			isa = PBXSourcesBuildPhase;
			buildActionMask = 2147483647;
			files = (
				A9A5D3812316FAF600050334 /* GitTestUITests.swift in Sources */,
			);
			runOnlyForDeploymentPostprocessing = 0;
		};
/* End PBXSourcesBuildPhase section */

/* Begin PBXTargetDependency section */
		A9A5D3732316FAF600050334 /* PBXTargetDependency */ = {
			isa = PBXTargetDependency;
			target = A9A5D35C2316FAF300050334 /* GitTest */;
			targetProxy = A9A5D3722316FAF600050334 /* PBXContainerItemProxy */;
		};
		A9A5D37E2316FAF600050334 /* PBXTargetDependency */ = {
			isa = PBXTargetDependency;
			target = A9A5D35C2316FAF300050334 /* GitTest */;
			targetProxy = A9A5D37D2316FAF600050334 /* PBXContainerItemProxy */;
		};
/* End PBXTargetDependency section */

/* Begin PBXVariantGroup section */
		A9A5D3642316FAF400050334 /* Main.storyboard */ = {
			isa = PBXVariantGroup;
			children = (
				A9A5D3652316FAF400050334 /* Base */,
			);
			name = Main.storyboard;
			sourceTree = "<group>";
		};
		A9A5D3692316FAF600050334 /* LaunchScreen.storyboard */ = {
			isa = PBXVariantGroup;
			children = (
				A9A5D36A2316FAF600050334 /* Base */,
			);
			name = LaunchScreen.storyboard;
			sourceTree = "<group>";
		};
/* End PBXVariantGroup section */

/* Begin XCBuildConfiguration section */
		A9A5D3832316FAF600050334 /* Debug */ = {
			isa = XCBuildConfiguration;
			buildSettings = {
				ALWAYS_SEARCH_USER_PATHS = NO;
				CLANG_ANALYZER_NONNULL = YES;
				CLANG_ANALYZER_NUMBER_OBJECT_CONVERSION = YES_AGGRESSIVE;
				CLANG_CXX_LANGUAGE_STANDARD = "gnu++14";
				CLANG_CXX_LIBRARY = "libc++";
				CLANG_ENABLE_MODULES = YES;
				CLANG_ENABLE_OBJC_ARC = YES;
				CLANG_ENABLE_OBJC_WEAK = YES;
				CLANG_WARN_BLOCK_CAPTURE_AUTORELEASING = YES;
				CLANG_WARN_BOOL_CONVERSION = YES;
				CLANG_WARN_COMMA = YES;
				CLANG_WARN_CONSTANT_CONVERSION = YES;
				CLANG_WARN_DEPRECATED_OBJC_IMPLEMENTATIONS = YES;
				CLANG_WARN_DIRECT_OBJC_ISA_USAGE = YES_ERROR;
				CLANG_WARN_DOCUMENTATION_COMMENTS = YES;
				CLANG_WARN_EMPTY_BODY = YES;
				CLANG_WARN_ENUM_CONVERSION = YES;
				CLANG_WARN_INFINITE_RECURSION = YES;
				CLANG_WARN_INT_CONVERSION = YES;
				CLANG_WARN_NON_LITERAL_NULL_CONVERSION = YES;
				CLANG_WARN_OBJC_IMPLICIT_RETAIN_SELF = YES;
				CLANG_WARN_OBJC_LITERAL_CONVERSION = YES;
				CLANG_WARN_OBJC_ROOT_CLASS = YES_ERROR;
				CLANG_WARN_RANGE_LOOP_ANALYSIS = YES;
				CLANG_WARN_STRICT_PROTOTYPES = YES;
				CLANG_WARN_SUSPICIOUS_MOVE = YES;
				CLANG_WARN_UNGUARDED_AVAILABILITY = YES_AGGRESSIVE;
				CLANG_WARN_UNREACHABLE_CODE = YES;
				CLANG_WARN__DUPLICATE_METHOD_MATCH = YES;
				CODE_SIGN_IDENTITY = "iPhone Developer";
				COPY_PHASE_STRIP = NO;
				DEBUG_INFORMATION_FORMAT = dwarf;
				ENABLE_STRICT_OBJC_MSGSEND = YES;
				ENABLE_TESTABILITY = YES;
				GCC_C_LANGUAGE_STANDARD = gnu11;
				GCC_DYNAMIC_NO_PIC = NO;
				GCC_NO_COMMON_BLOCKS = YES;
				GCC_OPTIMIZATION_LEVEL = 0;
				GCC_PREPROCESSOR_DEFINITIONS = (
					"DEBUG=1",
					"$(inherited)",
				);
				GCC_WARN_64_TO_32_BIT_CONVERSION = YES;
				GCC_WARN_ABOUT_RETURN_TYPE = YES_ERROR;
				GCC_WARN_UNDECLARED_SELECTOR = YES;
				GCC_WARN_UNINITIALIZED_AUTOS = YES_AGGRESSIVE;
				GCC_WARN_UNUSED_FUNCTION = YES;
				GCC_WARN_UNUSED_VARIABLE = YES;
				IPHONEOS_DEPLOYMENT_TARGET = 12.1;
				MTL_ENABLE_DEBUG_INFO = INCLUDE_SOURCE;
				MTL_FAST_MATH = YES;
				ONLY_ACTIVE_ARCH = YES;
				SDKROOT = iphoneos;
				SWIFT_ACTIVE_COMPILATION_CONDITIONS = DEBUG;
				SWIFT_OPTIMIZATION_LEVEL = "-Onone";
			};
			name = Debug;
		};
		A9A5D3842316FAF600050334 /* Release */ = {
			isa = XCBuildConfiguration;
			buildSettings = {
				ALWAYS_SEARCH_USER_PATHS = NO;
				CLANG_ANALYZER_NONNULL = YES;
				CLANG_ANALYZER_NUMBER_OBJECT_CONVERSION = YES_AGGRESSIVE;
				CLANG_CXX_LANGUAGE_STANDARD = "gnu++14";
				CLANG_CXX_LIBRARY = "libc++";
				CLANG_ENABLE_MODULES = YES;
				CLANG_ENABLE_OBJC_ARC = YES;
				CLANG_ENABLE_OBJC_WEAK = YES;
				CLANG_WARN_BLOCK_CAPTURE_AUTORELEASING = YES;
				CLANG_WARN_BOOL_CONVERSION = YES;
				CLANG_WARN_COMMA = YES;
				CLANG_WARN_CONSTANT_CONVERSION = YES;
				CLANG_WARN_DEPRECATED_OBJC_IMPLEMENTATIONS = YES;
				CLANG_WARN_DIRECT_OBJC_ISA_USAGE = YES_ERROR;
				CLANG_WARN_DOCUMENTATION_COMMENTS = YES;
				CLANG_WARN_EMPTY_BODY = YES;
				CLANG_WARN_ENUM_CONVERSION = YES;
				CLANG_WARN_INFINITE_RECURSION = YES;
				CLANG_WARN_INT_CONVERSION = YES;
				CLANG_WARN_NON_LITERAL_NULL_CONVERSION = YES;
				CLANG_WARN_OBJC_IMPLICIT_RETAIN_SELF = YES;
				CLANG_WARN_OBJC_LITERAL_CONVERSION = YES;
				CLANG_WARN_OBJC_ROOT_CLASS = YES_ERROR;
				CLANG_WARN_RANGE_LOOP_ANALYSIS = YES;
				CLANG_WARN_STRICT_PROTOTYPES = YES;
				CLANG_WARN_SUSPICIOUS_MOVE = YES;
				CLANG_WARN_UNGUARDED_AVAILABILITY = YES_AGGRESSIVE;
				CLANG_WARN_UNREACHABLE_CODE = YES;
				CLANG_WARN__DUPLICATE_METHOD_MATCH = YES;
				CODE_SIGN_IDENTITY = "iPhone Developer";
				COPY_PHASE_STRIP = NO;
				DEBUG_INFORMATION_FORMAT = "dwarf-with-dsym";
				ENABLE_NS_ASSERTIONS = NO;
				ENABLE_STRICT_OBJC_MSGSEND = YES;
				GCC_C_LANGUAGE_STANDARD = gnu11;
				GCC_NO_COMMON_BLOCKS = YES;
				GCC_WARN_64_TO_32_BIT_CONVERSION = YES;
				GCC_WARN_ABOUT_RETURN_TYPE = YES_ERROR;
				GCC_WARN_UNDECLARED_SELECTOR = YES;
				GCC_WARN_UNINITIALIZED_AUTOS = YES_AGGRESSIVE;
				GCC_WARN_UNUSED_FUNCTION = YES;
				GCC_WARN_UNUSED_VARIABLE = YES;
				IPHONEOS_DEPLOYMENT_TARGET = 12.1;
				MTL_ENABLE_DEBUG_INFO = NO;
				MTL_FAST_MATH = YES;
				SDKROOT = iphoneos;
				SWIFT_COMPILATION_MODE = wholemodule;
				SWIFT_OPTIMIZATION_LEVEL = "-O";
				VALIDATE_PRODUCT = YES;
			};
			name = Release;
		};
		A9A5D3862316FAF600050334 /* Debug */ = {
			isa = XCBuildConfiguration;
			buildSettings = {
				ASSETCATALOG_COMPILER_APPICON_NAME = AppIcon;
				CODE_SIGN_STYLE = Automatic;
				DEVELOPMENT_TEAM = 6JD548BN3B;
				INFOPLIST_FILE = GitTest/Info.plist;
				LD_RUNPATH_SEARCH_PATHS = (
					"$(inherited)",
					"@executable_path/Frameworks",
				);
				PRODUCT_BUNDLE_IDENTIFIER = com.wtt.www.GitTest;
				PRODUCT_NAME = "$(TARGET_NAME)";
				SWIFT_VERSION = 4.2;
				TARGETED_DEVICE_FAMILY = "1,2";
			};
			name = Debug;
		};
		A9A5D3872316FAF600050334 /* Release */ = {
			isa = XCBuildConfiguration;
			buildSettings = {
				ASSETCATALOG_COMPILER_APPICON_NAME = AppIcon;
				CODE_SIGN_STYLE = Automatic;
				DEVELOPMENT_TEAM = 6JD548BN3B;
				INFOPLIST_FILE = GitTest/Info.plist;
				LD_RUNPATH_SEARCH_PATHS = (
					"$(inherited)",
					"@executable_path/Frameworks",
				);
				PRODUCT_BUNDLE_IDENTIFIER = com.wtt.www.GitTest;
				PRODUCT_NAME = "$(TARGET_NAME)";
				SWIFT_VERSION = 4.2;
				TARGETED_DEVICE_FAMILY = "1,2";
			};
			name = Release;
		};
		A9A5D3892316FAF600050334 /* Debug */ = {
			isa = XCBuildConfiguration;
			buildSettings = {
				ALWAYS_EMBED_SWIFT_STANDARD_LIBRARIES = YES;
				BUNDLE_LOADER = "$(TEST_HOST)";
				CODE_SIGN_STYLE = Automatic;
				DEVELOPMENT_TEAM = 6JD548BN3B;
				INFOPLIST_FILE = GitTestTests/Info.plist;
				LD_RUNPATH_SEARCH_PATHS = (
					"$(inherited)",
					"@executable_path/Frameworks",
					"@loader_path/Frameworks",
				);
				PRODUCT_BUNDLE_IDENTIFIER = com.wtt.www.GitTestTests;
				PRODUCT_NAME = "$(TARGET_NAME)";
				SWIFT_VERSION = 4.2;
				TARGETED_DEVICE_FAMILY = "1,2";
				TEST_HOST = "$(BUILT_PRODUCTS_DIR)/GitTest.app/GitTest";
			};
			name = Debug;
		};
		A9A5D38A2316FAF600050334 /* Release */ = {
			isa = XCBuildConfiguration;
			buildSettings = {
				ALWAYS_EMBED_SWIFT_STANDARD_LIBRARIES = YES;
				BUNDLE_LOADER = "$(TEST_HOST)";
				CODE_SIGN_STYLE = Automatic;
				DEVELOPMENT_TEAM = 6JD548BN3B;
				INFOPLIST_FILE = GitTestTests/Info.plist;
				LD_RUNPATH_SEARCH_PATHS = (
					"$(inherited)",
					"@executable_path/Frameworks",
					"@loader_path/Frameworks",
				);
				PRODUCT_BUNDLE_IDENTIFIER = com.wtt.www.GitTestTests;
				PRODUCT_NAME = "$(TARGET_NAME)";
				SWIFT_VERSION = 4.2;
				TARGETED_DEVICE_FAMILY = "1,2";
				TEST_HOST = "$(BUILT_PRODUCTS_DIR)/GitTest.app/GitTest";
			};
			name = Release;
		};
		A9A5D38C2316FAF600050334 /* Debug */ = {
			isa = XCBuildConfiguration;
			buildSettings = {
				ALWAYS_EMBED_SWIFT_STANDARD_LIBRARIES = YES;
				CODE_SIGN_STYLE = Automatic;
				DEVELOPMENT_TEAM = 6JD548BN3B;
				INFOPLIST_FILE = GitTestUITests/Info.plist;
				LD_RUNPATH_SEARCH_PATHS = (
					"$(inherited)",
					"@executable_path/Frameworks",
					"@loader_path/Frameworks",
				);
				PRODUCT_BUNDLE_IDENTIFIER = com.wtt.www.GitTestUITests;
				PRODUCT_NAME = "$(TARGET_NAME)";
				SWIFT_VERSION = 4.2;
				TARGETED_DEVICE_FAMILY = "1,2";
				TEST_TARGET_NAME = GitTest;
			};
			name = Debug;
		};
		A9A5D38D2316FAF600050334 /* Release */ = {
			isa = XCBuildConfiguration;
			buildSettings = {
				ALWAYS_EMBED_SWIFT_STANDARD_LIBRARIES = YES;
				CODE_SIGN_STYLE = Automatic;
				DEVELOPMENT_TEAM = 6JD548BN3B;
				INFOPLIST_FILE = GitTestUITests/Info.plist;
				LD_RUNPATH_SEARCH_PATHS = (
					"$(inherited)",
					"@executable_path/Frameworks",
					"@loader_path/Frameworks",
				);
				PRODUCT_BUNDLE_IDENTIFIER = com.wtt.www.GitTestUITests;
				PRODUCT_NAME = "$(TARGET_NAME)";
				SWIFT_VERSION = 4.2;
				TARGETED_DEVICE_FAMILY = "1,2";
				TEST_TARGET_NAME = GitTest;
			};
			name = Release;
		};
/* End XCBuildConfiguration section */

/* Begin XCConfigurationList section */
		A9A5D3582316FAF300050334 /* Build configuration list for PBXProject "GitTest" */ = {
			isa = XCConfigurationList;
			buildConfigurations = (
				A9A5D3832316FAF600050334 /* Debug */,
				A9A5D3842316FAF600050334 /* Release */,
			);
			defaultConfigurationIsVisible = 0;
			defaultConfigurationName = Release;
		};
		A9A5D3852316FAF600050334 /* Build configuration list for PBXNativeTarget "GitTest" */ = {
			isa = XCConfigurationList;
			buildConfigurations = (
				A9A5D3862316FAF600050334 /* Debug */,
				A9A5D3872316FAF600050334 /* Release */,
			);
			defaultConfigurationIsVisible = 0;
			defaultConfigurationName = Release;
		};
		A9A5D3882316FAF600050334 /* Build configuration list for PBXNativeTarget "GitTestTests" */ = {
			isa = XCConfigurationList;
			buildConfigurations = (
				A9A5D3892316FAF600050334 /* Debug */,
				A9A5D38A2316FAF600050334 /* Release */,
			);
			defaultConfigurationIsVisible = 0;
			defaultConfigurationName = Release;
		};
		A9A5D38B2316FAF600050334 /* Build configuration list for PBXNativeTarget "GitTestUITests" */ = {
			isa = XCConfigurationList;
			buildConfigurations = (
				A9A5D38C2316FAF600050334 /* Debug */,
				A9A5D38D2316FAF600050334 /* Release */,
			);
			defaultConfigurationIsVisible = 0;
			defaultConfigurationName = Release;
		};
/* End XCConfigurationList section */
	};
	rootObject = A9A5D3552316FAF300050334 /* Project object */;
}
